// !$*UTF8*$!
{
	archiveVersion = 1;
	classes = {
	};
	objectVersion = 56;
	objects = {

/* Begin PBXBuildFile section */
		2294E4CB2BCEC5AC0088CBF3 /* AppDelegate.swift in Sources */ = {isa = PBXBuildFile; fileRef = 2294E4CA2BCEC5AC0088CBF3 /* AppDelegate.swift */; };
		2294E4CD2BCEC5AC0088CBF3 /* SceneDelegate.swift in Sources */ = {isa = PBXBuildFile; fileRef = 2294E4CC2BCEC5AC0088CBF3 /* SceneDelegate.swift */; };
		2294E4CF2BCEC5AC0088CBF3 /* HomeViewController.swift in Sources */ = {isa = PBXBuildFile; fileRef = 2294E4CE2BCEC5AC0088CBF3 /* HomeViewController.swift */; };
		2294E4D22BCEC5AC0088CBF3 /* Main.storyboard in Resources */ = {isa = PBXBuildFile; fileRef = 2294E4D02BCEC5AC0088CBF3 /* Main.storyboard */; };
		2294E4D42BCEC5AE0088CBF3 /* Assets.xcassets in Resources */ = {isa = PBXBuildFile; fileRef = 2294E4D32BCEC5AE0088CBF3 /* Assets.xcassets */; };
		2294E4D72BCEC5AE0088CBF3 /* LaunchScreen.storyboard in Resources */ = {isa = PBXBuildFile; fileRef = 2294E4D52BCEC5AE0088CBF3 /* LaunchScreen.storyboard */; };
		2294E4E22BCEC5AE0088CBF3 /* Kunkala_PracticeExam03Tests.swift in Sources */ = {isa = PBXBuildFile; fileRef = 2294E4E12BCEC5AE0088CBF3 /* Kunkala_PracticeExam03Tests.swift */; };
		2294E4EC2BCEC5AE0088CBF3 /* Kunkala_PracticeExam03UITests.swift in Sources */ = {isa = PBXBuildFile; fileRef = 2294E4EB2BCEC5AE0088CBF3 /* Kunkala_PracticeExam03UITests.swift */; };
		2294E4EE2BCEC5AE0088CBF3 /* Kunkala_PracticeExam03UITestsLaunchTests.swift in Sources */ = {isa = PBXBuildFile; fileRef = 2294E4ED2BCEC5AE0088CBF3 /* Kunkala_PracticeExam03UITestsLaunchTests.swift */; };
		2294E4FB2BCEC8800088CBF3 /* ProfileViewController.swift in Sources */ = {isa = PBXBuildFile; fileRef = 2294E4FA2BCEC8800088CBF3 /* ProfileViewController.swift */; };
/* End PBXBuildFile section */

/* Begin PBXContainerItemProxy section */
		2294E4DE2BCEC5AE0088CBF3 /* PBXContainerItemProxy */ = {
			isa = PBXContainerItemProxy;
			containerPortal = 2294E4BF2BCEC5AC0088CBF3 /* Project object */;
			proxyType = 1;
			remoteGlobalIDString = 2294E4C62BCEC5AC0088CBF3;
			remoteInfo = Kunkala_PracticeExam03;
		};
		2294E4E82BCEC5AE0088CBF3 /* PBXContainerItemProxy */ = {
			isa = PBXContainerItemProxy;
			containerPortal = 2294E4BF2BCEC5AC0088CBF3 /* Project object */;
			proxyType = 1;
			remoteGlobalIDString = 2294E4C62BCEC5AC0088CBF3;
			remoteInfo = Kunkala_PracticeExam03;
		};
/* End PBXContainerItemProxy section */

/* Begin PBXFileReference section */
		2294E4C72BCEC5AC0088CBF3 /* Kunkala_PracticeExam03.app */ = {isa = PBXFileReference; explicitFileType = wrapper.application; includeInIndex = 0; path = Kunkala_PracticeExam03.app; sourceTree = BUILT_PRODUCTS_DIR; };
		2294E4CA2BCEC5AC0088CBF3 /* AppDelegate.swift */ = {isa = PBXFileReference; lastKnownFileType = sourcecode.swift; path = AppDelegate.swift; sourceTree = "<group>"; };
		2294E4CC2BCEC5AC0088CBF3 /* SceneDelegate.swift */ = {isa = PBXFileReference; lastKnownFileType = sourcecode.swift; path = SceneDelegate.swift; sourceTree = "<group>"; };
		2294E4CE2BCEC5AC0088CBF3 /* HomeViewController.swift */ = {isa = PBXFileReference; lastKnownFileType = sourcecode.swift; path = HomeViewController.swift; sourceTree = "<group>"; };
		2294E4D12BCEC5AC0088CBF3 /* Base */ = {isa = PBXFileReference; lastKnownFileType = file.storyboard; name = Base; path = Base.lproj/Main.storyboard; sourceTree = "<group>"; };
		2294E4D32BCEC5AE0088CBF3 /* Assets.xcassets */ = {isa = PBXFileReference; lastKnownFileType = folder.assetcatalog; path = Assets.xcassets; sourceTree = "<group>"; };
		2294E4D62BCEC5AE0088CBF3 /* Base */ = {isa = PBXFileReference; lastKnownFileType = file.storyboard; name = Base; path = Base.lproj/LaunchScreen.storyboard; sourceTree = "<group>"; };
		2294E4D82BCEC5AE0088CBF3 /* Info.plist */ = {isa = PBXFileReference; lastKnownFileType = text.plist.xml; path = Info.plist; sourceTree = "<group>"; };
		2294E4DD2BCEC5AE0088CBF3 /* Kunkala_PracticeExam03Tests.xctest */ = {isa = PBXFileReference; explicitFileType = wrapper.cfbundle; includeInIndex = 0; path = Kunkala_PracticeExam03Tests.xctest; sourceTree = BUILT_PRODUCTS_DIR; };
		2294E4E12BCEC5AE0088CBF3 /* Kunkala_PracticeExam03Tests.swift */ = {isa = PBXFileReference; lastKnownFileType = sourcecode.swift; path = Kunkala_PracticeExam03Tests.swift; sourceTree = "<group>"; };
		2294E4E72BCEC5AE0088CBF3 /* Kunkala_PracticeExam03UITests.xctest */ = {isa = PBXFileReference; explicitFileType = wrapper.cfbundle; includeInIndex = 0; path = Kunkala_PracticeExam03UITests.xctest; sourceTree = BUILT_PRODUCTS_DIR; };
		2294E4EB2BCEC5AE0088CBF3 /* Kunkala_PracticeExam03UITests.swift */ = {isa = PBXFileReference; lastKnownFileType = sourcecode.swift; path = Kunkala_PracticeExam03UITests.swift; sourceTree = "<group>"; };
		2294E4ED2BCEC5AE0088CBF3 /* Kunkala_PracticeExam03UITestsLaunchTests.swift */ = {isa = PBXFileReference; lastKnownFileType = sourcecode.swift; path = Kunkala_PracticeExam03UITestsLaunchTests.swift; sourceTree = "<group>"; };
		2294E4FA2BCEC8800088CBF3 /* ProfileViewController.swift */ = {isa = PBXFileReference; lastKnownFileType = sourcecode.swift; path = ProfileViewController.swift; sourceTree = "<group>"; };
/* End PBXFileReference section */

/* Begin PBXFrameworksBuildPhase section */
		2294E4C42BCEC5AC0088CBF3 /* Frameworks */ = {
			isa = PBXFrameworksBuildPhase;
			buildActionMask = 2147483647;
			files = (
			);
			runOnlyForDeploymentPostprocessing = 0;
		};
		2294E4DA2BCEC5AE0088CBF3 /* Frameworks */ = {
			isa = PBXFrameworksBuildPhase;
			buildActionMask = 2147483647;
			files = (
			);
			runOnlyForDeploymentPostprocessing = 0;
		};
		2294E4E42BCEC5AE0088CBF3 /* Frameworks */ = {
			isa = PBXFrameworksBuildPhase;
			buildActionMask = 2147483647;
			files = (
			);
			runOnlyForDeploymentPostprocessing = 0;
		};
/* End PBXFrameworksBuildPhase section */

/* Begin PBXGroup section */
		2294E4BE2BCEC5AC0088CBF3 = {
			isa = PBXGroup;
			children = (
				2294E4C92BCEC5AC0088CBF3 /* Kunkala_PracticeExam03 */,
				2294E4E02BCEC5AE0088CBF3 /* Kunkala_PracticeExam03Tests */,
				2294E4EA2BCEC5AE0088CBF3 /* Kunkala_PracticeExam03UITests */,
				2294E4C82BCEC5AC0088CBF3 /* Products */,
			);
			sourceTree = "<group>";
		};
		2294E4C82BCEC5AC0088CBF3 /* Products */ = {
			isa = PBXGroup;
			children = (
				2294E4C72BCEC5AC0088CBF3 /* Kunkala_PracticeExam03.app */,
				2294E4DD2BCEC5AE0088CBF3 /* Kunkala_PracticeExam03Tests.xctest */,
				2294E4E72BCEC5AE0088CBF3 /* Kunkala_PracticeExam03UITests.xctest */,
			);
			name = Products;
			sourceTree = "<group>";
		};
		2294E4C92BCEC5AC0088CBF3 /* Kunkala_PracticeExam03 */ = {
			isa = PBXGroup;
			children = (
				2294E4CA2BCEC5AC0088CBF3 /* AppDelegate.swift */,
				2294E4CC2BCEC5AC0088CBF3 /* SceneDelegate.swift */,
				2294E4CE2BCEC5AC0088CBF3 /* HomeViewController.swift */,
				2294E4D02BCEC5AC0088CBF3 /* Main.storyboard */,
				2294E4D32BCEC5AE0088CBF3 /* Assets.xcassets */,
				2294E4D52BCEC5AE0088CBF3 /* LaunchScreen.storyboard */,
				2294E4D82BCEC5AE0088CBF3 /* Info.plist */,
				2294E4FA2BCEC8800088CBF3 /* ProfileViewController.swift */,
			);
			path = Kunkala_PracticeExam03;
			sourceTree = "<group>";
		};
		2294E4E02BCEC5AE0088CBF3 /* Kunkala_PracticeExam03Tests */ = {
			isa = PBXGroup;
			children = (
				2294E4E12BCEC5AE0088CBF3 /* Kunkala_PracticeExam03Tests.swift */,
			);
			path = Kunkala_PracticeExam03Tests;
			sourceTree = "<group>";
		};
		2294E4EA2BCEC5AE0088CBF3 /* Kunkala_PracticeExam03UITests */ = {
			isa = PBXGroup;
			children = (
				2294E4EB2BCEC5AE0088CBF3 /* Kunkala_PracticeExam03UITests.swift */,
				2294E4ED2BCEC5AE0088CBF3 /* Kunkala_PracticeExam03UITestsLaunchTests.swift */,
			);
			path = Kunkala_PracticeExam03UITests;
			sourceTree = "<group>";
		};
/* End PBXGroup section */

/* Begin PBXNativeTarget section */
		2294E4C62BCEC5AC0088CBF3 /* Kunkala_PracticeExam03 */ = {
			isa = PBXNativeTarget;
			buildConfigurationList = 2294E4F12BCEC5AE0088CBF3 /* Build configuration list for PBXNativeTarget "Kunkala_PracticeExam03" */;
			buildPhases = (
				2294E4C32BCEC5AC0088CBF3 /* Sources */,
				2294E4C42BCEC5AC0088CBF3 /* Frameworks */,
				2294E4C52BCEC5AC0088CBF3 /* Resources */,
			);
			buildRules = (
			);
			dependencies = (
			);
			name = Kunkala_PracticeExam03;
			productName = Kunkala_PracticeExam03;
			productReference = 2294E4C72BCEC5AC0088CBF3 /* Kunkala_PracticeExam03.app */;
			productType = "com.apple.product-type.application";
		};
		2294E4DC2BCEC5AE0088CBF3 /* Kunkala_PracticeExam03Tests */ = {
			isa = PBXNativeTarget;
			buildConfigurationList = 2294E4F42BCEC5AE0088CBF3 /* Build configuration list for PBXNativeTarget "Kunkala_PracticeExam03Tests" */;
			buildPhases = (
				2294E4D92BCEC5AE0088CBF3 /* Sources */,
				2294E4DA2BCEC5AE0088CBF3 /* Frameworks */,
				2294E4DB2BCEC5AE0088CBF3 /* Resources */,
			);
			buildRules = (
			);
			dependencies = (
				2294E4DF2BCEC5AE0088CBF3 /* PBXTargetDependency */,
			);
			name = Kunkala_PracticeExam03Tests;
			productName = Kunkala_PracticeExam03Tests;
			productReference = 2294E4DD2BCEC5AE0088CBF3 /* Kunkala_PracticeExam03Tests.xctest */;
			productType = "com.apple.product-type.bundle.unit-test";
		};
		2294E4E62BCEC5AE0088CBF3 /* Kunkala_PracticeExam03UITests */ = {
			isa = PBXNativeTarget;
			buildConfigurationList = 2294E4F72BCEC5AE0088CBF3 /* Build configuration list for PBXNativeTarget "Kunkala_PracticeExam03UITests" */;
			buildPhases = (
				2294E4E32BCEC5AE0088CBF3 /* Sources */,
				2294E4E42BCEC5AE0088CBF3 /* Frameworks */,
				2294E4E52BCEC5AE0088CBF3 /* Resources */,
			);
			buildRules = (
			);
			dependencies = (
				2294E4E92BCEC5AE0088CBF3 /* PBXTargetDependency */,
			);
			name = Kunkala_PracticeExam03UITests;
			productName = Kunkala_PracticeExam03UITests;
			productReference = 2294E4E72BCEC5AE0088CBF3 /* Kunkala_PracticeExam03UITests.xctest */;
			productType = "com.apple.product-type.bundle.ui-testing";
		};
/* End PBXNativeTarget section */

/* Begin PBXProject section */
		2294E4BF2BCEC5AC0088CBF3 /* Project object */ = {
			isa = PBXProject;
			attributes = {
				BuildIndependentTargetsInParallel = 1;
				LastSwiftUpdateCheck = 1520;
				LastUpgradeCheck = 1520;
				TargetAttributes = {
					2294E4C62BCEC5AC0088CBF3 = {
						CreatedOnToolsVersion = 15.2;
					};
					2294E4DC2BCEC5AE0088CBF3 = {
						CreatedOnToolsVersion = 15.2;
						TestTargetID = 2294E4C62BCEC5AC0088CBF3;
					};
					2294E4E62BCEC5AE0088CBF3 = {
						CreatedOnToolsVersion = 15.2;
						TestTargetID = 2294E4C62BCEC5AC0088CBF3;
					};
				};
			};
			buildConfigurationList = 2294E4C22BCEC5AC0088CBF3 /* Build configuration list for PBXProject "Kunkala_PracticeExam03" */;
			compatibilityVersion = "Xcode 14.0";
			developmentRegion = en;
			hasScannedForEncodings = 0;
			knownRegions = (
				en,
				Base,
			);
			mainGroup = 2294E4BE2BCEC5AC0088CBF3;
			productRefGroup = 2294E4C82BCEC5AC0088CBF3 /* Products */;
			projectDirPath = "";
			projectRoot = "";
			targets = (
				2294E4C62BCEC5AC0088CBF3 /* Kunkala_PracticeExam03 */,
				2294E4DC2BCEC5AE0088CBF3 /* Kunkala_PracticeExam03Tests */,
				2294E4E62BCEC5AE0088CBF3 /* Kunkala_PracticeExam03UITests */,
			);
		};
/* End PBXProject section */

/* Begin PBXResourcesBuildPhase section */
		2294E4C52BCEC5AC0088CBF3 /* Resources */ = {
			isa = PBXResourcesBuildPhase;
			buildActionMask = 2147483647;
			files = (
				2294E4D72BCEC5AE0088CBF3 /* LaunchScreen.storyboard in Resources */,
				2294E4D42BCEC5AE0088CBF3 /* Assets.xcassets in Resources */,
				2294E4D22BCEC5AC0088CBF3 /* Main.storyboard in Resources */,
			);
			runOnlyForDeploymentPostprocessing = 0;
		};
		2294E4DB2BCEC5AE0088CBF3 /* Resources */ = {
			isa = PBXResourcesBuildPhase;
			buildActionMask = 2147483647;
			files = (
			);
			runOnlyForDeploymentPostprocessing = 0;
		};
		2294E4E52BCEC5AE0088CBF3 /* Resources */ = {
			isa = PBXResourcesBuildPhase;
			buildActionMask = 2147483647;
			files = (
			);
			runOnlyForDeploymentPostprocessing = 0;
		};
/* End PBXResourcesBuildPhase section */

/* Begin PBXSourcesBuildPhase section */
		2294E4C32BCEC5AC0088CBF3 /* Sources */ = {
			isa = PBXSourcesBuildPhase;
			buildActionMask = 2147483647;
			files = (
				2294E4CF2BCEC5AC0088CBF3 /* HomeViewController.swift in Sources */,
				2294E4CB2BCEC5AC0088CBF3 /* AppDelegate.swift in Sources */,
				2294E4FB2BCEC8800088CBF3 /* ProfileViewController.swift in Sources */,
				2294E4CD2BCEC5AC0088CBF3 /* SceneDelegate.swift in Sources */,
			);
			runOnlyForDeploymentPostprocessing = 0;
		};
		2294E4D92BCEC5AE0088CBF3 /* Sources */ = {
			isa = PBXSourcesBuildPhase;
			buildActionMask = 2147483647;
			files = (
				2294E4E22BCEC5AE0088CBF3 /* Kunkala_PracticeExam03Tests.swift in Sources */,
			);
			runOnlyForDeploymentPostprocessing = 0;
		};
		2294E4E32BCEC5AE0088CBF3 /* Sources */ = {
			isa = PBXSourcesBuildPhase;
			buildActionMask = 2147483647;
			files = (
				2294E4EC2BCEC5AE0088CBF3 /* Kunkala_PracticeExam03UITests.swift in Sources */,
				2294E4EE2BCEC5AE0088CBF3 /* Kunkala_PracticeExam03UITestsLaunchTests.swift in Sources */,
			);
			runOnlyForDeploymentPostprocessing = 0;
		};
/* End PBXSourcesBuildPhase section */

/* Begin PBXTargetDependency section */
		2294E4DF2BCEC5AE0088CBF3 /* PBXTargetDependency */ = {
			isa = PBXTargetDependency;
			target = 2294E4C62BCEC5AC0088CBF3 /* Kunkala_PracticeExam03 */;
			targetProxy = 2294E4DE2BCEC5AE0088CBF3 /* PBXContainerItemProxy */;
		};
		2294E4E92BCEC5AE0088CBF3 /* PBXTargetDependency */ = {
			isa = PBXTargetDependency;
			target = 2294E4C62BCEC5AC0088CBF3 /* Kunkala_PracticeExam03 */;
			targetProxy = 2294E4E82BCEC5AE0088CBF3 /* PBXContainerItemProxy */;
		};
/* End PBXTargetDependency section */

/* Begin PBXVariantGroup section */
		2294E4D02BCEC5AC0088CBF3 /* Main.storyboard */ = {
			isa = PBXVariantGroup;
			children = (
				2294E4D12BCEC5AC0088CBF3 /* Base */,
			);
			name = Main.storyboard;
			sourceTree = "<group>";
		};
		2294E4D52BCEC5AE0088CBF3 /* LaunchScreen.storyboard */ = {
			isa = PBXVariantGroup;
			children = (
				2294E4D62BCEC5AE0088CBF3 /* Base */,
			);
			name = LaunchScreen.storyboard;
			sourceTree = "<group>";
		};
/* End PBXVariantGroup section */

/* Begin XCBuildConfiguration section */
		2294E4EF2BCEC5AE0088CBF3 /* Debug */ = {
			isa = XCBuildConfiguration;
			buildSettings = {
				ALWAYS_SEARCH_USER_PATHS = NO;
				ASSETCATALOG_COMPILER_GENERATE_SWIFT_ASSET_SYMBOL_EXTENSIONS = YES;
				CLANG_ANALYZER_NONNULL = YES;
				CLANG_ANALYZER_NUMBER_OBJECT_CONVERSION = YES_AGGRESSIVE;
				CLANG_CXX_LANGUAGE_STANDARD = "gnu++20";
				CLANG_ENABLE_MODULES = YES;
				CLANG_ENABLE_OBJC_ARC = YES;
				CLANG_ENABLE_OBJC_WEAK = YES;
				CLANG_WARN_BLOCK_CAPTURE_AUTORELEASING = YES;
				CLANG_WARN_BOOL_CONVERSION = YES;
				CLANG_WARN_COMMA = YES;
				CLANG_WARN_CONSTANT_CONVERSION = YES;
				CLANG_WARN_DEPRECATED_OBJC_IMPLEMENTATIONS = YES;
				CLANG_WARN_DIRECT_OBJC_ISA_USAGE = YES_ERROR;
				CLANG_WARN_DOCUMENTATION_COMMENTS = YES;
				CLANG_WARN_EMPTY_BODY = YES;
				CLANG_WARN_ENUM_CONVERSION = YES;
				CLANG_WARN_INFINITE_RECURSION = YES;
				CLANG_WARN_INT_CONVERSION = YES;
				CLANG_WARN_NON_LITERAL_NULL_CONVERSION = YES;
				CLANG_WARN_OBJC_IMPLICIT_RETAIN_SELF = YES;
				CLANG_WARN_OBJC_LITERAL_CONVERSION = YES;
				CLANG_WARN_OBJC_ROOT_CLASS = YES_ERROR;
				CLANG_WARN_QUOTED_INCLUDE_IN_FRAMEWORK_HEADER = YES;
				CLANG_WARN_RANGE_LOOP_ANALYSIS = YES;
				CLANG_WARN_STRICT_PROTOTYPES = YES;
				CLANG_WARN_SUSPICIOUS_MOVE = YES;
				CLANG_WARN_UNGUARDED_AVAILABILITY = YES_AGGRESSIVE;
				CLANG_WARN_UNREACHABLE_CODE = YES;
				CLANG_WARN__DUPLICATE_METHOD_MATCH = YES;
				COPY_PHASE_STRIP = NO;
				DEBUG_INFORMATION_FORMAT = dwarf;
				ENABLE_STRICT_OBJC_MSGSEND = YES;
				ENABLE_TESTABILITY = YES;
				ENABLE_USER_SCRIPT_SANDBOXING = YES;
				GCC_C_LANGUAGE_STANDARD = gnu17;
				GCC_DYNAMIC_NO_PIC = NO;
				GCC_NO_COMMON_BLOCKS = YES;
				GCC_OPTIMIZATION_LEVEL = 0;
				GCC_PREPROCESSOR_DEFINITIONS = (
					"DEBUG=1",
					"$(inherited)",
				);
				GCC_WARN_64_TO_32_BIT_CONVERSION = YES;
				GCC_WARN_ABOUT_RETURN_TYPE = YES_ERROR;
				GCC_WARN_UNDECLARED_SELECTOR = YES;
				GCC_WARN_UNINITIALIZED_AUTOS = YES_AGGRESSIVE;
				GCC_WARN_UNUSED_FUNCTION = YES;
				GCC_WARN_UNUSED_VARIABLE = YES;
				IPHONEOS_DEPLOYMENT_TARGET = 17.2;
				LOCALIZATION_PREFERS_STRING_CATALOGS = YES;
				MTL_ENABLE_DEBUG_INFO = INCLUDE_SOURCE;
				MTL_FAST_MATH = YES;
				ONLY_ACTIVE_ARCH = YES;
				SDKROOT = iphoneos;
				SWIFT_ACTIVE_COMPILATION_CONDITIONS = "DEBUG $(inherited)";
				SWIFT_OPTIMIZATION_LEVEL = "-Onone";
			};
			name = Debug;
		};
		2294E4F02BCEC5AE0088CBF3 /* Release */ = {
			isa = XCBuildConfiguration;
			buildSettings = {
				ALWAYS_SEARCH_USER_PATHS = NO;
				ASSETCATALOG_COMPILER_GENERATE_SWIFT_ASSET_SYMBOL_EXTENSIONS = YES;
				CLANG_ANALYZER_NONNULL = YES;
				CLANG_ANALYZER_NUMBER_OBJECT_CONVERSION = YES_AGGRESSIVE;
				CLANG_CXX_LANGUAGE_STANDARD = "gnu++20";
				CLANG_ENABLE_MODULES = YES;
				CLANG_ENABLE_OBJC_ARC = YES;
				CLANG_ENABLE_OBJC_WEAK = YES;
				CLANG_WARN_BLOCK_CAPTURE_AUTORELEASING = YES;
				CLANG_WARN_BOOL_CONVERSION = YES;
				CLANG_WARN_COMMA = YES;
				CLANG_WARN_CONSTANT_CONVERSION = YES;
				CLANG_WARN_DEPRECATED_OBJC_IMPLEMENTATIONS = YES;
				CLANG_WARN_DIRECT_OBJC_ISA_USAGE = YES_ERROR;
				CLANG_WARN_DOCUMENTATION_COMMENTS = YES;
				CLANG_WARN_EMPTY_BODY = YES;
				CLANG_WARN_ENUM_CONVERSION = YES;
				CLANG_WARN_INFINITE_RECURSION = YES;
				CLANG_WARN_INT_CONVERSION = YES;
				CLANG_WARN_NON_LITERAL_NULL_CONVERSION = YES;
				CLANG_WARN_OBJC_IMPLICIT_RETAIN_SELF = YES;
				CLANG_WARN_OBJC_LITERAL_CONVERSION = YES;
				CLANG_WARN_OBJC_ROOT_CLASS = YES_ERROR;
				CLANG_WARN_QUOTED_INCLUDE_IN_FRAMEWORK_HEADER = YES;
				CLANG_WARN_RANGE_LOOP_ANALYSIS = YES;
				CLANG_WARN_STRICT_PROTOTYPES = YES;
				CLANG_WARN_SUSPICIOUS_MOVE = YES;
				CLANG_WARN_UNGUARDED_AVAILABILITY = YES_AGGRESSIVE;
				CLANG_WARN_UNREACHABLE_CODE = YES;
				CLANG_WARN__DUPLICATE_METHOD_MATCH = YES;
				COPY_PHASE_STRIP = NO;
				DEBUG_INFORMATION_FORMAT = "dwarf-with-dsym";
				ENABLE_NS_ASSERTIONS = NO;
				ENABLE_STRICT_OBJC_MSGSEND = YES;
				ENABLE_USER_SCRIPT_SANDBOXING = YES;
				GCC_C_LANGUAGE_STANDARD = gnu17;
				GCC_NO_COMMON_BLOCKS = YES;
				GCC_WARN_64_TO_32_BIT_CONVERSION = YES;
				GCC_WARN_ABOUT_RETURN_TYPE = YES_ERROR;
				GCC_WARN_UNDECLARED_SELECTOR = YES;
				GCC_WARN_UNINITIALIZED_AUTOS = YES_AGGRESSIVE;
				GCC_WARN_UNUSED_FUNCTION = YES;
				GCC_WARN_UNUSED_VARIABLE = YES;
				IPHONEOS_DEPLOYMENT_TARGET = 17.2;
				LOCALIZATION_PREFERS_STRING_CATALOGS = YES;
				MTL_ENABLE_DEBUG_INFO = NO;
				MTL_FAST_MATH = YES;
				SDKROOT = iphoneos;
				SWIFT_COMPILATION_MODE = wholemodule;
				VALIDATE_PRODUCT = YES;
			};
			name = Release;
		};
		2294E4F22BCEC5AE0088CBF3 /* Debug */ = {
			isa = XCBuildConfiguration;
			buildSettings = {
				ASSETCATALOG_COMPILER_APPICON_NAME = AppIcon;
				ASSETCATALOG_COMPILER_GLOBAL_ACCENT_COLOR_NAME = AccentColor;
				CODE_SIGN_STYLE = Automatic;
				CURRENT_PROJECT_VERSION = 1;
				GENERATE_INFOPLIST_FILE = YES;
				INFOPLIST_FILE = Kunkala_PracticeExam03/Info.plist;
				INFOPLIST_KEY_CFBundleDisplayName = Kunkala_PracticeExam03;
				INFOPLIST_KEY_UIApplicationSupportsIndirectInputEvents = YES;
				INFOPLIST_KEY_UILaunchStoryboardName = LaunchScreen;
				INFOPLIST_KEY_UIMainStoryboardFile = Main;
				INFOPLIST_KEY_UISupportedInterfaceOrientations_iPad = "UIInterfaceOrientationPortrait UIInterfaceOrientationPortraitUpsideDown UIInterfaceOrientationLandscapeLeft UIInterfaceOrientationLandscapeRight";
				INFOPLIST_KEY_UISupportedInterfaceOrientations_iPhone = "UIInterfaceOrientationPortrait UIInterfaceOrientationLandscapeLeft UIInterfaceOrientationLandscapeRight";
				IPHONEOS_DEPLOYMENT_TARGET = 15.5;
				LD_RUNPATH_SEARCH_PATHS = (
					"$(inherited)",
					"@executable_path/Frameworks",
				);
				MARKETING_VERSION = 1.0;
				PRODUCT_BUNDLE_IDENTIFIER = "nwmsu.Kunkala-PracticeExam03";
				PRODUCT_NAME = "$(TARGET_NAME)";
				SWIFT_EMIT_LOC_STRINGS = YES;
				SWIFT_VERSION = 5.0;
				TARGETED_DEVICE_FAMILY = "1,2";
			};
			name = Debug;
		};
		2294E4F32BCEC5AE0088CBF3 /* Release */ = {
			isa = XCBuildConfiguration;
			buildSettings = {
				ASSETCATALOG_COMPILER_APPICON_NAME = AppIcon;
				ASSETCATALOG_COMPILER_GLOBAL_ACCENT_COLOR_NAME = AccentColor;
				CODE_SIGN_STYLE = Automatic;
				CURRENT_PROJECT_VERSION = 1;
				GENERATE_INFOPLIST_FILE = YES;
				INFOPLIST_FILE = Kunkala_PracticeExam03/Info.plist;
				INFOPLIST_KEY_CFBundleDisplayName = Kunkala_PracticeExam03;
				INFOPLIST_KEY_UIApplicationSupportsIndirectInputEvents = YES;
				INFOPLIST_KEY_UILaunchStoryboardName = LaunchScreen;
				INFOPLIST_KEY_UIMainStoryboardFile = Main;
				INFOPLIST_KEY_UISupportedInterfaceOrientations_iPad = "UIInterfaceOrientationPortrait UIInterfaceOrientationPortraitUpsideDown UIInterfaceOrientationLandscapeLeft UIInterfaceOrientationLandscapeRight";
				INFOPLIST_KEY_UISupportedInterfaceOrientations_iPhone = "UIInterfaceOrientationPortrait UIInterfaceOrientationLandscapeLeft UIInterfaceOrientationLandscapeRight";
				IPHONEOS_DEPLOYMENT_TARGET = 15.5;
				LD_RUNPATH_SEARCH_PATHS = (
					"$(inherited)",
					"@executable_path/Frameworks",
				);
				MARKETING_VERSION = 1.0;
				PRODUCT_BUNDLE_IDENTIFIER = "nwmsu.Kunkala-PracticeExam03";
				PRODUCT_NAME = "$(TARGET_NAME)";
				SWIFT_EMIT_LOC_STRINGS = YES;
				SWIFT_VERSION = 5.0;
				TARGETED_DEVICE_FAMILY = "1,2";
			};
			name = Release;
		};
		2294E4F52BCEC5AE0088CBF3 /* Debug */ = {
			isa = XCBuildConfiguration;
			buildSettings = {
				ALWAYS_EMBED_SWIFT_STANDARD_LIBRARIES = YES;
				BUNDLE_LOADER = "$(TEST_HOST)";
				CODE_SIGN_STYLE = Automatic;
				CURRENT_PROJECT_VERSION = 1;
				GENERATE_INFOPLIST_FILE = YES;
				IPHONEOS_DEPLOYMENT_TARGET = 17.2;
				MARKETING_VERSION = 1.0;
				PRODUCT_BUNDLE_IDENTIFIER = "nwmsu.Kunkala-PracticeExam03Tests";
				PRODUCT_NAME = "$(TARGET_NAME)";
				SWIFT_EMIT_LOC_STRINGS = NO;
				SWIFT_VERSION = 5.0;
				TARGETED_DEVICE_FAMILY = "1,2";
				TEST_HOST = "$(BUILT_PRODUCTS_DIR)/Kunkala_PracticeExam03.app/$(BUNDLE_EXECUTABLE_FOLDER_PATH)/Kunkala_PracticeExam03";
			};
			name = Debug;
		};
		2294E4F62BCEC5AE0088CBF3 /* Release */ = {
			isa = XCBuildConfiguration;
			buildSettings = {
				ALWAYS_EMBED_SWIFT_STANDARD_LIBRARIES = YES;
				BUNDLE_LOADER = "$(TEST_HOST)";
				CODE_SIGN_STYLE = Automatic;
				CURRENT_PROJECT_VERSION = 1;
				GENERATE_INFOPLIST_FILE = YES;
				IPHONEOS_DEPLOYMENT_TARGET = 17.2;
				MARKETING_VERSION = 1.0;
				PRODUCT_BUNDLE_IDENTIFIER = "nwmsu.Kunkala-PracticeExam03Tests";
				PRODUCT_NAME = "$(TARGET_NAME)";
				SWIFT_EMIT_LOC_STRINGS = NO;
				SWIFT_VERSION = 5.0;
				TARGETED_DEVICE_FAMILY = "1,2";
				TEST_HOST = "$(BUILT_PRODUCTS_DIR)/Kunkala_PracticeExam03.app/$(BUNDLE_EXECUTABLE_FOLDER_PATH)/Kunkala_PracticeExam03";
			};
			name = Release;
		};
		2294E4F82BCEC5AE0088CBF3 /* Debug */ = {
			isa = XCBuildConfiguration;
			buildSettings = {
				ALWAYS_EMBED_SWIFT_STANDARD_LIBRARIES = YES;
				CODE_SIGN_STYLE = Automatic;
				CURRENT_PROJECT_VERSION = 1;
				GENERATE_INFOPLIST_FILE = YES;
				MARKETING_VERSION = 1.0;
				PRODUCT_BUNDLE_IDENTIFIER = "nwmsu.Kunkala-PracticeExam03UITests";
				PRODUCT_NAME = "$(TARGET_NAME)";
				SWIFT_EMIT_LOC_STRINGS = NO;
				SWIFT_VERSION = 5.0;
				TARGETED_DEVICE_FAMILY = "1,2";
				TEST_TARGET_NAME = Kunkala_PracticeExam03;
			};
			name = Debug;
		};
		2294E4F92BCEC5AE0088CBF3 /* Release */ = {
			isa = XCBuildConfiguration;
			buildSettings = {
				ALWAYS_EMBED_SWIFT_STANDARD_LIBRARIES = YES;
				CODE_SIGN_STYLE = Automatic;
				CURRENT_PROJECT_VERSION = 1;
				GENERATE_INFOPLIST_FILE = YES;
				MARKETING_VERSION = 1.0;
				PRODUCT_BUNDLE_IDENTIFIER = "nwmsu.Kunkala-PracticeExam03UITests";
				PRODUCT_NAME = "$(TARGET_NAME)";
				SWIFT_EMIT_LOC_STRINGS = NO;
				SWIFT_VERSION = 5.0;
				TARGETED_DEVICE_FAMILY = "1,2";
				TEST_TARGET_NAME = Kunkala_PracticeExam03;
			};
			name = Release;
		};
/* End XCBuildConfiguration section */

/* Begin XCConfigurationList section */
		2294E4C22BCEC5AC0088CBF3 /* Build configuration list for PBXProject "Kunkala_PracticeExam03" */ = {
			isa = XCConfigurationList;
			buildConfigurations = (
				2294E4EF2BCEC5AE0088CBF3 /* Debug */,
				2294E4F02BCEC5AE0088CBF3 /* Release */,
			);
			defaultConfigurationIsVisible = 0;
			defaultConfigurationName = Release;
		};
		2294E4F12BCEC5AE0088CBF3 /* Build configuration list for PBXNativeTarget "Kunkala_PracticeExam03" */ = {
			isa = XCConfigurationList;
			buildConfigurations = (
				2294E4F22BCEC5AE0088CBF3 /* Debug */,
				2294E4F32BCEC5AE0088CBF3 /* Release */,
			);
			defaultConfigurationIsVisible = 0;
			defaultConfigurationName = Release;
		};
		2294E4F42BCEC5AE0088CBF3 /* Build configuration list for PBXNativeTarget "Kunkala_PracticeExam03Tests" */ = {
			isa = XCConfigurationList;
			buildConfigurations = (
				2294E4F52BCEC5AE0088CBF3 /* Debug */,
				2294E4F62BCEC5AE0088CBF3 /* Release */,
			);
			defaultConfigurationIsVisible = 0;
			defaultConfigurationName = Release;
		};
		2294E4F72BCEC5AE0088CBF3 /* Build configuration list for PBXNativeTarget "Kunkala_PracticeExam03UITests" */ = {
			isa = XCConfigurationList;
			buildConfigurations = (
				2294E4F82BCEC5AE0088CBF3 /* Debug */,
				2294E4F92BCEC5AE0088CBF3 /* Release */,
			);
			defaultConfigurationIsVisible = 0;
			defaultConfigurationName = Release;
		};
/* End XCConfigurationList section */
	};
	rootObject = 2294E4BF2BCEC5AC0088CBF3 /* Project object */;
}
