// !$*UTF8*$!
{
	archiveVersion = 1;
	classes = {
	};
	objectVersion = 56;
	objects = {

/* Begin PBXBuildFile section */
		6D5B83942B60149200BD6779 /* AppDelegate.swift in Sources */ = {isa = PBXBuildFile; fileRef = 6D5B83932B60149200BD6779 /* AppDelegate.swift */; };
		6D5B83962B60149200BD6779 /* SceneDelegate.swift in Sources */ = {isa = PBXBuildFile; fileRef = 6D5B83952B60149200BD6779 /* SceneDelegate.swift */; };
		6D5B83982B60149200BD6779 /* ViewController.swift in Sources */ = {isa = PBXBuildFile; fileRef = 6D5B83972B60149200BD6779 /* ViewController.swift */; };
		6D5B839B2B60149200BD6779 /* Main.storyboard in Resources */ = {isa = PBXBuildFile; fileRef = 6D5B83992B60149200BD6779 /* Main.storyboard */; };
		6D5B839D2B60149300BD6779 /* Assets.xcassets in Resources */ = {isa = PBXBuildFile; fileRef = 6D5B839C2B60149300BD6779 /* Assets.xcassets */; };
		6D5B83A02B60149300BD6779 /* LaunchScreen.storyboard in Resources */ = {isa = PBXBuildFile; fileRef = 6D5B839E2B60149300BD6779 /* LaunchScreen.storyboard */; };
		6D5B83AB2B60149300BD6779 /* helloappTests.swift in Sources */ = {isa = PBXBuildFile; fileRef = 6D5B83AA2B60149300BD6779 /* helloappTests.swift */; };
		6D5B83B52B60149300BD6779 /* helloappUITests.swift in Sources */ = {isa = PBXBuildFile; fileRef = 6D5B83B42B60149300BD6779 /* helloappUITests.swift */; };
		6D5B83B72B60149300BD6779 /* helloappUITestsLaunchTests.swift in Sources */ = {isa = PBXBuildFile; fileRef = 6D5B83B62B60149300BD6779 /* helloappUITestsLaunchTests.swift */; };
/* End PBXBuildFile section */

/* Begin PBXContainerItemProxy section */
		6D5B83A72B60149300BD6779 /* PBXContainerItemProxy */ = {
			isa = PBXContainerItemProxy;
			containerPortal = 6D5B83882B60149200BD6779 /* Project object */;
			proxyType = 1;
			remoteGlobalIDString = 6D5B838F2B60149200BD6779;
			remoteInfo = helloapp;
		};
		6D5B83B12B60149300BD6779 /* PBXContainerItemProxy */ = {
			isa = PBXContainerItemProxy;
			containerPortal = 6D5B83882B60149200BD6779 /* Project object */;
			proxyType = 1;
			remoteGlobalIDString = 6D5B838F2B60149200BD6779;
			remoteInfo = helloapp;
		};
/* End PBXContainerItemProxy section */

/* Begin PBXFileReference section */
		6D5B83902B60149200BD6779 /* helloapp.app */ = {isa = PBXFileReference; explicitFileType = wrapper.application; includeInIndex = 0; path = helloapp.app; sourceTree = BUILT_PRODUCTS_DIR; };
		6D5B83932B60149200BD6779 /* AppDelegate.swift */ = {isa = PBXFileReference; lastKnownFileType = sourcecode.swift; path = AppDelegate.swift; sourceTree = "<group>"; };
		6D5B83952B60149200BD6779 /* SceneDelegate.swift */ = {isa = PBXFileReference; lastKnownFileType = sourcecode.swift; path = SceneDelegate.swift; sourceTree = "<group>"; };
		6D5B83972B60149200BD6779 /* ViewController.swift */ = {isa = PBXFileReference; lastKnownFileType = sourcecode.swift; path = ViewController.swift; sourceTree = "<group>"; };
		6D5B839A2B60149200BD6779 /* Base */ = {isa = PBXFileReference; lastKnownFileType = file.storyboard; name = Base; path = Base.lproj/Main.storyboard; sourceTree = "<group>"; };
		6D5B839C2B60149300BD6779 /* Assets.xcassets */ = {isa = PBXFileReference; lastKnownFileType = folder.assetcatalog; path = Assets.xcassets; sourceTree = "<group>"; };
		6D5B839F2B60149300BD6779 /* Base */ = {isa = PBXFileReference; lastKnownFileType = file.storyboard; name = Base; path = Base.lproj/LaunchScreen.storyboard; sourceTree = "<group>"; };
		6D5B83A12B60149300BD6779 /* Info.plist */ = {isa = PBXFileReference; lastKnownFileType = text.plist.xml; path = Info.plist; sourceTree = "<group>"; };
		6D5B83A62B60149300BD6779 /* helloappTests.xctest */ = {isa = PBXFileReference; explicitFileType = wrapper.cfbundle; includeInIndex = 0; path = helloappTests.xctest; sourceTree = BUILT_PRODUCTS_DIR; };
		6D5B83AA2B60149300BD6779 /* helloappTests.swift */ = {isa = PBXFileReference; lastKnownFileType = sourcecode.swift; path = helloappTests.swift; sourceTree = "<group>"; };
		6D5B83B02B60149300BD6779 /* helloappUITests.xctest */ = {isa = PBXFileReference; explicitFileType = wrapper.cfbundle; includeInIndex = 0; path = helloappUITests.xctest; sourceTree = BUILT_PRODUCTS_DIR; };
		6D5B83B42B60149300BD6779 /* helloappUITests.swift */ = {isa = PBXFileReference; lastKnownFileType = sourcecode.swift; path = helloappUITests.swift; sourceTree = "<group>"; };
		6D5B83B62B60149300BD6779 /* helloappUITestsLaunchTests.swift */ = {isa = PBXFileReference; lastKnownFileType = sourcecode.swift; path = helloappUITestsLaunchTests.swift; sourceTree = "<group>"; };
/* End PBXFileReference section */

/* Begin PBXFrameworksBuildPhase section */
		6D5B838D2B60149200BD6779 /* Frameworks */ = {
			isa = PBXFrameworksBuildPhase;
			buildActionMask = 2147483647;
			files = (
			);
			runOnlyForDeploymentPostprocessing = 0;
		};
		6D5B83A32B60149300BD6779 /* Frameworks */ = {
			isa = PBXFrameworksBuildPhase;
			buildActionMask = 2147483647;
			files = (
			);
			runOnlyForDeploymentPostprocessing = 0;
		};
		6D5B83AD2B60149300BD6779 /* Frameworks */ = {
			isa = PBXFrameworksBuildPhase;
			buildActionMask = 2147483647;
			files = (
			);
			runOnlyForDeploymentPostprocessing = 0;
		};
/* End PBXFrameworksBuildPhase section */

/* Begin PBXGroup section */
		6D5B83872B60149200BD6779 = {
			isa = PBXGroup;
			children = (
				6D5B83922B60149200BD6779 /* helloapp */,
				6D5B83A92B60149300BD6779 /* helloappTests */,
				6D5B83B32B60149300BD6779 /* helloappUITests */,
				6D5B83912B60149200BD6779 /* Products */,
			);
			sourceTree = "<group>";
		};
		6D5B83912B60149200BD6779 /* Products */ = {
			isa = PBXGroup;
			children = (
				6D5B83902B60149200BD6779 /* helloapp.app */,
				6D5B83A62B60149300BD6779 /* helloappTests.xctest */,
				6D5B83B02B60149300BD6779 /* helloappUITests.xctest */,
			);
			name = Products;
			sourceTree = "<group>";
		};
		6D5B83922B60149200BD6779 /* helloapp */ = {
			isa = PBXGroup;
			children = (
				6D5B83932B60149200BD6779 /* AppDelegate.swift */,
				6D5B83952B60149200BD6779 /* SceneDelegate.swift */,
				6D5B83972B60149200BD6779 /* ViewController.swift */,
				6D5B83992B60149200BD6779 /* Main.storyboard */,
				6D5B839C2B60149300BD6779 /* Assets.xcassets */,
				6D5B839E2B60149300BD6779 /* LaunchScreen.storyboard */,
				6D5B83A12B60149300BD6779 /* Info.plist */,
			);
			path = helloapp;
			sourceTree = "<group>";
		};
		6D5B83A92B60149300BD6779 /* helloappTests */ = {
			isa = PBXGroup;
			children = (
				6D5B83AA2B60149300BD6779 /* helloappTests.swift */,
			);
			path = helloappTests;
			sourceTree = "<group>";
		};
		6D5B83B32B60149300BD6779 /* helloappUITests */ = {
			isa = PBXGroup;
			children = (
				6D5B83B42B60149300BD6779 /* helloappUITests.swift */,
				6D5B83B62B60149300BD6779 /* helloappUITestsLaunchTests.swift */,
			);
			path = helloappUITests;
			sourceTree = "<group>";
		};
/* End PBXGroup section */

/* Begin PBXNativeTarget section */
		6D5B838F2B60149200BD6779 /* helloapp */ = {
			isa = PBXNativeTarget;
			buildConfigurationList = 6D5B83BA2B60149300BD6779 /* Build configuration list for PBXNativeTarget "helloapp" */;
			buildPhases = (
				6D5B838C2B60149200BD6779 /* Sources */,
				6D5B838D2B60149200BD6779 /* Frameworks */,
				6D5B838E2B60149200BD6779 /* Resources */,
			);
			buildRules = (
			);
			dependencies = (
			);
			name = helloapp;
			productName = helloapp;
			productReference = 6D5B83902B60149200BD6779 /* helloapp.app */;
			productType = "com.apple.product-type.application";
		};
		6D5B83A52B60149300BD6779 /* helloappTests */ = {
			isa = PBXNativeTarget;
			buildConfigurationList = 6D5B83BD2B60149300BD6779 /* Build configuration list for PBXNativeTarget "helloappTests" */;
			buildPhases = (
				6D5B83A22B60149300BD6779 /* Sources */,
				6D5B83A32B60149300BD6779 /* Frameworks */,
				6D5B83A42B60149300BD6779 /* Resources */,
			);
			buildRules = (
			);
			dependencies = (
				6D5B83A82B60149300BD6779 /* PBXTargetDependency */,
			);
			name = helloappTests;
			productName = helloappTests;
			productReference = 6D5B83A62B60149300BD6779 /* helloappTests.xctest */;
			productType = "com.apple.product-type.bundle.unit-test";
		};
		6D5B83AF2B60149300BD6779 /* helloappUITests */ = {
			isa = PBXNativeTarget;
			buildConfigurationList = 6D5B83C02B60149300BD6779 /* Build configuration list for PBXNativeTarget "helloappUITests" */;
			buildPhases = (
				6D5B83AC2B60149300BD6779 /* Sources */,
				6D5B83AD2B60149300BD6779 /* Frameworks */,
				6D5B83AE2B60149300BD6779 /* Resources */,
			);
			buildRules = (
			);
			dependencies = (
				6D5B83B22B60149300BD6779 /* PBXTargetDependency */,
			);
			name = helloappUITests;
			productName = helloappUITests;
			productReference = 6D5B83B02B60149300BD6779 /* helloappUITests.xctest */;
			productType = "com.apple.product-type.bundle.ui-testing";
		};
/* End PBXNativeTarget section */

/* Begin PBXProject section */
		6D5B83882B60149200BD6779 /* Project object */ = {
			isa = PBXProject;
			attributes = {
				BuildIndependentTargetsInParallel = 1;
				LastSwiftUpdateCheck = 1430;
				LastUpgradeCheck = 1430;
				TargetAttributes = {
					6D5B838F2B60149200BD6779 = {
						CreatedOnToolsVersion = 14.3.1;
					};
					6D5B83A52B60149300BD6779 = {
						CreatedOnToolsVersion = 14.3.1;
						TestTargetID = 6D5B838F2B60149200BD6779;
					};
					6D5B83AF2B60149300BD6779 = {
						CreatedOnToolsVersion = 14.3.1;
						TestTargetID = 6D5B838F2B60149200BD6779;
					};
				};
			};
			buildConfigurationList = 6D5B838B2B60149200BD6779 /* Build configuration list for PBXProject "helloapp" */;
			compatibilityVersion = "Xcode 14.0";
			developmentRegion = en;
			hasScannedForEncodings = 0;
			knownRegions = (
				en,
				Base,
			);
			mainGroup = 6D5B83872B60149200BD6779;
			productRefGroup = 6D5B83912B60149200BD6779 /* Products */;
			projectDirPath = "";
			projectRoot = "";
			targets = (
				6D5B838F2B60149200BD6779 /* helloapp */,
				6D5B83A52B60149300BD6779 /* helloappTests */,
				6D5B83AF2B60149300BD6779 /* helloappUITests */,
			);
		};
/* End PBXProject section */

/* Begin PBXResourcesBuildPhase section */
		6D5B838E2B60149200BD6779 /* Resources */ = {
			isa = PBXResourcesBuildPhase;
			buildActionMask = 2147483647;
			files = (
				6D5B83A02B60149300BD6779 /* LaunchScreen.storyboard in Resources */,
				6D5B839D2B60149300BD6779 /* Assets.xcassets in Resources */,
				6D5B839B2B60149200BD6779 /* Main.storyboard in Resources */,
			);
			runOnlyForDeploymentPostprocessing = 0;
		};
		6D5B83A42B60149300BD6779 /* Resources */ = {
			isa = PBXResourcesBuildPhase;
			buildActionMask = 2147483647;
			files = (
			);
			runOnlyForDeploymentPostprocessing = 0;
		};
		6D5B83AE2B60149300BD6779 /* Resources */ = {
			isa = PBXResourcesBuildPhase;
			buildActionMask = 2147483647;
			files = (
			);
			runOnlyForDeploymentPostprocessing = 0;
		};
/* End PBXResourcesBuildPhase section */

/* Begin PBXSourcesBuildPhase section */
		6D5B838C2B60149200BD6779 /* Sources */ = {
			isa = PBXSourcesBuildPhase;
			buildActionMask = 2147483647;
			files = (
				6D5B83982B60149200BD6779 /* ViewController.swift in Sources */,
				6D5B83942B60149200BD6779 /* AppDelegate.swift in Sources */,
				6D5B83962B60149200BD6779 /* SceneDelegate.swift in Sources */,
			);
			runOnlyForDeploymentPostprocessing = 0;
		};
		6D5B83A22B60149300BD6779 /* Sources */ = {
			isa = PBXSourcesBuildPhase;
			buildActionMask = 2147483647;
			files = (
				6D5B83AB2B60149300BD6779 /* helloappTests.swift in Sources */,
			);
			runOnlyForDeploymentPostprocessing = 0;
		};
		6D5B83AC2B60149300BD6779 /* Sources */ = {
			isa = PBXSourcesBuildPhase;
			buildActionMask = 2147483647;
			files = (
				6D5B83B72B60149300BD6779 /* helloappUITestsLaunchTests.swift in Sources */,
				6D5B83B52B60149300BD6779 /* helloappUITests.swift in Sources */,
			);
			runOnlyForDeploymentPostprocessing = 0;
		};
/* End PBXSourcesBuildPhase section */

/* Begin PBXTargetDependency section */
		6D5B83A82B60149300BD6779 /* PBXTargetDependency */ = {
			isa = PBXTargetDependency;
			target = 6D5B838F2B60149200BD6779 /* helloapp */;
			targetProxy = 6D5B83A72B60149300BD6779 /* PBXContainerItemProxy */;
		};
		6D5B83B22B60149300BD6779 /* PBXTargetDependency */ = {
			isa = PBXTargetDependency;
			target = 6D5B838F2B60149200BD6779 /* helloapp */;
			targetProxy = 6D5B83B12B60149300BD6779 /* PBXContainerItemProxy */;
		};
/* End PBXTargetDependency section */

/* Begin PBXVariantGroup section */
		6D5B83992B60149200BD6779 /* Main.storyboard */ = {
			isa = PBXVariantGroup;
			children = (
				6D5B839A2B60149200BD6779 /* Base */,
			);
			name = Main.storyboard;
			sourceTree = "<group>";
		};
		6D5B839E2B60149300BD6779 /* LaunchScreen.storyboard */ = {
			isa = PBXVariantGroup;
			children = (
				6D5B839F2B60149300BD6779 /* Base */,
			);
			name = LaunchScreen.storyboard;
			sourceTree = "<group>";
		};
/* End PBXVariantGroup section */

/* Begin XCBuildConfiguration section */
		6D5B83B82B60149300BD6779 /* Debug */ = {
			isa = XCBuildConfiguration;
			buildSettings = {
				ALWAYS_SEARCH_USER_PATHS = NO;
				CLANG_ANALYZER_NONNULL = YES;
				CLANG_ANALYZER_NUMBER_OBJECT_CONVERSION = YES_AGGRESSIVE;
				CLANG_CXX_LANGUAGE_STANDARD = "gnu++20";
				CLANG_ENABLE_MODULES = YES;
				CLANG_ENABLE_OBJC_ARC = YES;
				CLANG_ENABLE_OBJC_WEAK = YES;
				CLANG_WARN_BLOCK_CAPTURE_AUTORELEASING = YES;
				CLANG_WARN_BOOL_CONVERSION = YES;
				CLANG_WARN_COMMA = YES;
				CLANG_WARN_CONSTANT_CONVERSION = YES;
				CLANG_WARN_DEPRECATED_OBJC_IMPLEMENTATIONS = YES;
				CLANG_WARN_DIRECT_OBJC_ISA_USAGE = YES_ERROR;
				CLANG_WARN_DOCUMENTATION_COMMENTS = YES;
				CLANG_WARN_EMPTY_BODY = YES;
				CLANG_WARN_ENUM_CONVERSION = YES;
				CLANG_WARN_INFINITE_RECURSION = YES;
				CLANG_WARN_INT_CONVERSION = YES;
				CLANG_WARN_NON_LITERAL_NULL_CONVERSION = YES;
				CLANG_WARN_OBJC_IMPLICIT_RETAIN_SELF = YES;
				CLANG_WARN_OBJC_LITERAL_CONVERSION = YES;
				CLANG_WARN_OBJC_ROOT_CLASS = YES_ERROR;
				CLANG_WARN_QUOTED_INCLUDE_IN_FRAMEWORK_HEADER = YES;
				CLANG_WARN_RANGE_LOOP_ANALYSIS = YES;
				CLANG_WARN_STRICT_PROTOTYPES = YES;
				CLANG_WARN_SUSPICIOUS_MOVE = YES;
				CLANG_WARN_UNGUARDED_AVAILABILITY = YES_AGGRESSIVE;
				CLANG_WARN_UNREACHABLE_CODE = YES;
				CLANG_WARN__DUPLICATE_METHOD_MATCH = YES;
				COPY_PHASE_STRIP = NO;
				DEBUG_INFORMATION_FORMAT = dwarf;
				ENABLE_STRICT_OBJC_MSGSEND = YES;
				ENABLE_TESTABILITY = YES;
				GCC_C_LANGUAGE_STANDARD = gnu11;
				GCC_DYNAMIC_NO_PIC = NO;
				GCC_NO_COMMON_BLOCKS = YES;
				GCC_OPTIMIZATION_LEVEL = 0;
				GCC_PREPROCESSOR_DEFINITIONS = (
					"DEBUG=1",
					"$(inherited)",
				);
				GCC_WARN_64_TO_32_BIT_CONVERSION = YES;
				GCC_WARN_ABOUT_RETURN_TYPE = YES_ERROR;
				GCC_WARN_UNDECLARED_SELECTOR = YES;
				GCC_WARN_UNINITIALIZED_AUTOS = YES_AGGRESSIVE;
				GCC_WARN_UNUSED_FUNCTION = YES;
				GCC_WARN_UNUSED_VARIABLE = YES;
				IPHONEOS_DEPLOYMENT_TARGET = 16.4;
				MTL_ENABLE_DEBUG_INFO = INCLUDE_SOURCE;
				MTL_FAST_MATH = YES;
				ONLY_ACTIVE_ARCH = YES;
				SDKROOT = iphoneos;
				SWIFT_ACTIVE_COMPILATION_CONDITIONS = DEBUG;
				SWIFT_OPTIMIZATION_LEVEL = "-Onone";
			};
			name = Debug;
		};
		6D5B83B92B60149300BD6779 /* Release */ = {
			isa = XCBuildConfiguration;
			buildSettings = {
				ALWAYS_SEARCH_USER_PATHS = NO;
				CLANG_ANALYZER_NONNULL = YES;
				CLANG_ANALYZER_NUMBER_OBJECT_CONVERSION = YES_AGGRESSIVE;
				CLANG_CXX_LANGUAGE_STANDARD = "gnu++20";
				CLANG_ENABLE_MODULES = YES;
				CLANG_ENABLE_OBJC_ARC = YES;
				CLANG_ENABLE_OBJC_WEAK = YES;
				CLANG_WARN_BLOCK_CAPTURE_AUTORELEASING = YES;
				CLANG_WARN_BOOL_CONVERSION = YES;
				CLANG_WARN_COMMA = YES;
				CLANG_WARN_CONSTANT_CONVERSION = YES;
				CLANG_WARN_DEPRECATED_OBJC_IMPLEMENTATIONS = YES;
				CLANG_WARN_DIRECT_OBJC_ISA_USAGE = YES_ERROR;
				CLANG_WARN_DOCUMENTATION_COMMENTS = YES;
				CLANG_WARN_EMPTY_BODY = YES;
				CLANG_WARN_ENUM_CONVERSION = YES;
				CLANG_WARN_INFINITE_RECURSION = YES;
				CLANG_WARN_INT_CONVERSION = YES;
				CLANG_WARN_NON_LITERAL_NULL_CONVERSION = YES;
				CLANG_WARN_OBJC_IMPLICIT_RETAIN_SELF = YES;
				CLANG_WARN_OBJC_LITERAL_CONVERSION = YES;
				CLANG_WARN_OBJC_ROOT_CLASS = YES_ERROR;
				CLANG_WARN_QUOTED_INCLUDE_IN_FRAMEWORK_HEADER = YES;
				CLANG_WARN_RANGE_LOOP_ANALYSIS = YES;
				CLANG_WARN_STRICT_PROTOTYPES = YES;
				CLANG_WARN_SUSPICIOUS_MOVE = YES;
				CLANG_WARN_UNGUARDED_AVAILABILITY = YES_AGGRESSIVE;
				CLANG_WARN_UNREACHABLE_CODE = YES;
				CLANG_WARN__DUPLICATE_METHOD_MATCH = YES;
				COPY_PHASE_STRIP = NO;
				DEBUG_INFORMATION_FORMAT = "dwarf-with-dsym";
				ENABLE_NS_ASSERTIONS = NO;
				ENABLE_STRICT_OBJC_MSGSEND = YES;
				GCC_C_LANGUAGE_STANDARD = gnu11;
				GCC_NO_COMMON_BLOCKS = YES;
				GCC_WARN_64_TO_32_BIT_CONVERSION = YES;
				GCC_WARN_ABOUT_RETURN_TYPE = YES_ERROR;
				GCC_WARN_UNDECLARED_SELECTOR = YES;
				GCC_WARN_UNINITIALIZED_AUTOS = YES_AGGRESSIVE;
				GCC_WARN_UNUSED_FUNCTION = YES;
				GCC_WARN_UNUSED_VARIABLE = YES;
				IPHONEOS_DEPLOYMENT_TARGET = 16.4;
				MTL_ENABLE_DEBUG_INFO = NO;
				MTL_FAST_MATH = YES;
				SDKROOT = iphoneos;
				SWIFT_COMPILATION_MODE = wholemodule;
				SWIFT_OPTIMIZATION_LEVEL = "-O";
				VALIDATE_PRODUCT = YES;
			};
			name = Release;
		};
		6D5B83BB2B60149300BD6779 /* Debug */ = {
			isa = XCBuildConfiguration;
			buildSettings = {
				ASSETCATALOG_COMPILER_APPICON_NAME = AppIcon;
				ASSETCATALOG_COMPILER_GLOBAL_ACCENT_COLOR_NAME = AccentColor;
				CODE_SIGN_STYLE = Automatic;
				CURRENT_PROJECT_VERSION = 1;
				GENERATE_INFOPLIST_FILE = YES;
				INFOPLIST_FILE = helloapp/Info.plist;
				INFOPLIST_KEY_CFBundleDisplayName = helloapp;
				INFOPLIST_KEY_UIApplicationSupportsIndirectInputEvents = YES;
				INFOPLIST_KEY_UILaunchStoryboardName = LaunchScreen;
				INFOPLIST_KEY_UIMainStoryboardFile = Main;
				INFOPLIST_KEY_UISupportedInterfaceOrientations_iPad = "UIInterfaceOrientationPortrait UIInterfaceOrientationPortraitUpsideDown UIInterfaceOrientationLandscapeLeft UIInterfaceOrientationLandscapeRight";
				INFOPLIST_KEY_UISupportedInterfaceOrientations_iPhone = "UIInterfaceOrientationPortrait UIInterfaceOrientationLandscapeLeft UIInterfaceOrientationLandscapeRight";
				LD_RUNPATH_SEARCH_PATHS = (
					"$(inherited)",
					"@executable_path/Frameworks",
				);
				MARKETING_VERSION = 1.0;
				PRODUCT_BUNDLE_IDENTIFIER = nwmsu.helloapp;
				PRODUCT_NAME = "$(TARGET_NAME)";
				SWIFT_EMIT_LOC_STRINGS = YES;
				SWIFT_VERSION = 5.0;
				TARGETED_DEVICE_FAMILY = "1,2";
			};
			name = Debug;
		};
		6D5B83BC2B60149300BD6779 /* Release */ = {
			isa = XCBuildConfiguration;
			buildSettings = {
				ASSETCATALOG_COMPILER_APPICON_NAME = AppIcon;
				ASSETCATALOG_COMPILER_GLOBAL_ACCENT_COLOR_NAME = AccentColor;
				CODE_SIGN_STYLE = Automatic;
				CURRENT_PROJECT_VERSION = 1;
				GENERATE_INFOPLIST_FILE = YES;
				INFOPLIST_FILE = helloapp/Info.plist;
				INFOPLIST_KEY_CFBundleDisplayName = helloapp;
				INFOPLIST_KEY_UIApplicationSupportsIndirectInputEvents = YES;
				INFOPLIST_KEY_UILaunchStoryboardName = LaunchScreen;
				INFOPLIST_KEY_UIMainStoryboardFile = Main;
				INFOPLIST_KEY_UISupportedInterfaceOrientations_iPad = "UIInterfaceOrientationPortrait UIInterfaceOrientationPortraitUpsideDown UIInterfaceOrientationLandscapeLeft UIInterfaceOrientationLandscapeRight";
				INFOPLIST_KEY_UISupportedInterfaceOrientations_iPhone = "UIInterfaceOrientationPortrait UIInterfaceOrientationLandscapeLeft UIInterfaceOrientationLandscapeRight";
				LD_RUNPATH_SEARCH_PATHS = (
					"$(inherited)",
					"@executable_path/Frameworks",
				);
				MARKETING_VERSION = 1.0;
				PRODUCT_BUNDLE_IDENTIFIER = nwmsu.helloapp;
				PRODUCT_NAME = "$(TARGET_NAME)";
				SWIFT_EMIT_LOC_STRINGS = YES;
				SWIFT_VERSION = 5.0;
				TARGETED_DEVICE_FAMILY = "1,2";
			};
			name = Release;
		};
		6D5B83BE2B60149300BD6779 /* Debug */ = {
			isa = XCBuildConfiguration;
			buildSettings = {
				ALWAYS_EMBED_SWIFT_STANDARD_LIBRARIES = YES;
				BUNDLE_LOADER = "$(TEST_HOST)";
				CODE_SIGN_STYLE = Automatic;
				CURRENT_PROJECT_VERSION = 1;
				GENERATE_INFOPLIST_FILE = YES;
				IPHONEOS_DEPLOYMENT_TARGET = 16.4;
				MARKETING_VERSION = 1.0;
				PRODUCT_BUNDLE_IDENTIFIER = nwmsu.helloappTests;
				PRODUCT_NAME = "$(TARGET_NAME)";
				SWIFT_EMIT_LOC_STRINGS = NO;
				SWIFT_VERSION = 5.0;
				TARGETED_DEVICE_FAMILY = "1,2";
				TEST_HOST = "$(BUILT_PRODUCTS_DIR)/helloapp.app/$(BUNDLE_EXECUTABLE_FOLDER_PATH)/helloapp";
			};
			name = Debug;
		};
		6D5B83BF2B60149300BD6779 /* Release */ = {
			isa = XCBuildConfiguration;
			buildSettings = {
				ALWAYS_EMBED_SWIFT_STANDARD_LIBRARIES = YES;
				BUNDLE_LOADER = "$(TEST_HOST)";
				CODE_SIGN_STYLE = Automatic;
				CURRENT_PROJECT_VERSION = 1;
				GENERATE_INFOPLIST_FILE = YES;
				IPHONEOS_DEPLOYMENT_TARGET = 16.4;
				MARKETING_VERSION = 1.0;
				PRODUCT_BUNDLE_IDENTIFIER = nwmsu.helloappTests;
				PRODUCT_NAME = "$(TARGET_NAME)";
				SWIFT_EMIT_LOC_STRINGS = NO;
				SWIFT_VERSION = 5.0;
				TARGETED_DEVICE_FAMILY = "1,2";
				TEST_HOST = "$(BUILT_PRODUCTS_DIR)/helloapp.app/$(BUNDLE_EXECUTABLE_FOLDER_PATH)/helloapp";
			};
			name = Release;
		};
		6D5B83C12B60149300BD6779 /* Debug */ = {
			isa = XCBuildConfiguration;
			buildSettings = {
				ALWAYS_EMBED_SWIFT_STANDARD_LIBRARIES = YES;
				CODE_SIGN_STYLE = Automatic;
				CURRENT_PROJECT_VERSION = 1;
				GENERATE_INFOPLIST_FILE = YES;
				MARKETING_VERSION = 1.0;
				PRODUCT_BUNDLE_IDENTIFIER = nwmsu.helloappUITests;
				PRODUCT_NAME = "$(TARGET_NAME)";
				SWIFT_EMIT_LOC_STRINGS = NO;
				SWIFT_VERSION = 5.0;
				TARGETED_DEVICE_FAMILY = "1,2";
				TEST_TARGET_NAME = helloapp;
			};
			name = Debug;
		};
		6D5B83C22B60149300BD6779 /* Release */ = {
			isa = XCBuildConfiguration;
			buildSettings = {
				ALWAYS_EMBED_SWIFT_STANDARD_LIBRARIES = YES;
				CODE_SIGN_STYLE = Automatic;
				CURRENT_PROJECT_VERSION = 1;
				GENERATE_INFOPLIST_FILE = YES;
				MARKETING_VERSION = 1.0;
				PRODUCT_BUNDLE_IDENTIFIER = nwmsu.helloappUITests;
				PRODUCT_NAME = "$(TARGET_NAME)";
				SWIFT_EMIT_LOC_STRINGS = NO;
				SWIFT_VERSION = 5.0;
				TARGETED_DEVICE_FAMILY = "1,2";
				TEST_TARGET_NAME = helloapp;
			};
			name = Release;
		};
/* End XCBuildConfiguration section */

/* Begin XCConfigurationList section */
		6D5B838B2B60149200BD6779 /* Build configuration list for PBXProject "helloapp" */ = {
			isa = XCConfigurationList;
			buildConfigurations = (
				6D5B83B82B60149300BD6779 /* Debug */,
				6D5B83B92B60149300BD6779 /* Release */,
			);
			defaultConfigurationIsVisible = 0;
			defaultConfigurationName = Release;
		};
		6D5B83BA2B60149300BD6779 /* Build configuration list for PBXNativeTarget "helloapp" */ = {
			isa = XCConfigurationList;
			buildConfigurations = (
				6D5B83BB2B60149300BD6779 /* Debug */,
				6D5B83BC2B60149300BD6779 /* Release */,
			);
			defaultConfigurationIsVisible = 0;
			defaultConfigurationName = Release;
		};
		6D5B83BD2B60149300BD6779 /* Build configuration list for PBXNativeTarget "helloappTests" */ = {
			isa = XCConfigurationList;
			buildConfigurations = (
				6D5B83BE2B60149300BD6779 /* Debug */,
				6D5B83BF2B60149300BD6779 /* Release */,
			);
			defaultConfigurationIsVisible = 0;
			defaultConfigurationName = Release;
		};
		6D5B83C02B60149300BD6779 /* Build configuration list for PBXNativeTarget "helloappUITests" */ = {
			isa = XCConfigurationList;
			buildConfigurations = (
				6D5B83C12B60149300BD6779 /* Debug */,
				6D5B83C22B60149300BD6779 /* Release */,
			);
			defaultConfigurationIsVisible = 0;
			defaultConfigurationName = Release;
		};
/* End XCConfigurationList section */
	};
	rootObject = 6D5B83882B60149200BD6779 /* Project object */;
}
